
Microsoft Visual Studio Solution File, Format Version 12.00
# Visual Studio Version 16
VisualStudioVersion = 16.0.31702.278
MinimumVisualStudioVersion = 10.0.40219.1
Project("{FAE04EC0-301F-11D3-BF4B-00C04F79EFBC}") = "AedenthornSkillFrameworkPlusPlus", "ClassLibrary1\AedenthornSkillFrameworkPlusPlus.csproj", "{91B8A8F0-04DF-4194-809F-7E5319EA187C}"
EndProject
Global
	GlobalSection(SolutionConfigurationPlatforms) = preSolution
		Debug|Any CPU = Debug|Any CPU
		Release|Any CPU = Release|Any CPU
	EndGlobalSection
	GlobalSection(ProjectConfigurationPlatforms) = postSolution
		{91B8A8F0-04DF-4194-809F-7E5319EA187C}.Debug|Any CPU.ActiveCfg = Debug|Any CPU
		{91B8A8F0-04DF-4194-809F-7E5319EA187C}.Debug|Any CPU.Build.0 = Debug|Any CPU
		{91B8A8F0-04DF-4194-809F-7E5319EA187C}.Release|Any CPU.ActiveCfg = Release|Any CPU
		{91B8A8F0-04DF-4194-809F-7E5319EA187C}.Release|Any CPU.Build.0 = Release|Any CPU
	EndGlobalSection
	GlobalSection(SolutionProperties) = preSolution
		HideSolutionNode = FALSE
	EndGlobalSection
	GlobalSection(ExtensibilityGlobals) = postSolution
		SolutionGuid = {F038CE46-7EEF-4A22-99A1-C91F2F33B582}
	EndGlobalSection
EndGlobal
